
Microsoft Visual Studio Solution File, Format Version 12.00
# Visual Studio Version 16
VisualStudioVersion = 16.0.30225.117
MinimumVisualStudioVersion = 10.0.40219.1
Project("{FAE04EC0-301F-11D3-BF4B-00C04F79EFBC}") = "FrozenMPQ", "FrozenMPQ.csproj", "{FB01D55A-23A1-49BB-BE24-DF97515E947F}"
EndProject
Global
	GlobalSection(SolutionConfigurationPlatforms) = preSolution
		Debug|Any CPU = Debug|Any CPU
		Release|Any CPU = Release|Any CPU
	EndGlobalSection
	GlobalSection(ProjectConfigurationPlatforms) = postSolution
		{FB01D55A-23A1-49BB-BE24-DF97515E947F}.Debug|Any CPU.ActiveCfg = Debug|Any CPU
		{FB01D55A-23A1-49BB-BE24-DF97515E947F}.Debug|Any CPU.Build.0 = Debug|Any CPU
		{FB01D55A-23A1-49BB-BE24-DF97515E947F}.Release|Any CPU.ActiveCfg = Release|Any CPU
		{FB01D55A-23A1-49BB-BE24-DF97515E947F}.Release|Any CPU.Build.0 = Release|Any CPU
	EndGlobalSection
	GlobalSection(SolutionProperties) = preSolution
		HideSolutionNode = FALSE
	EndGlobalSection
	GlobalSection(ExtensibilityGlobals) = postSolution
		SolutionGuid = {AEB8EC5A-672B-4683-888E-45694581233C}
	EndGlobalSection
EndGlobal
